// !$*UTF8*$!
{
	archiveVersion = 1;
	classes = {
	};
	objectVersion = 56;
	objects = {

/* Begin PBXBuildFile section */
		FAE35AE42B94A55500431293 /* RadarChartSwiftUIApp.swift in Sources */ = {isa = PBXBuildFile; fileRef = FAE35AE32B94A55500431293 /* RadarChartSwiftUIApp.swift */; };
		FAE35AE62B94A55500431293 /* ContentView.swift in Sources */ = {isa = PBXBuildFile; fileRef = FAE35AE52B94A55500431293 /* ContentView.swift */; };
		FAE35AE82B94A55700431293 /* Assets.xcassets in Resources */ = {isa = PBXBuildFile; fileRef = FAE35AE72B94A55700431293 /* Assets.xcassets */; };
		FAE35AEB2B94A55700431293 /* Preview Assets.xcassets in Resources */ = {isa = PBXBuildFile; fileRef = FAE35AEA2B94A55700431293 /* Preview Assets.xcassets */; };
		FAE35AF52B94A55700431293 /* RadarChartSwiftUITests.swift in Sources */ = {isa = PBXBuildFile; fileRef = FAE35AF42B94A55700431293 /* RadarChartSwiftUITests.swift */; };
		FAE35AFF2B94A55700431293 /* RadarChartSwiftUIUITests.swift in Sources */ = {isa = PBXBuildFile; fileRef = FAE35AFE2B94A55700431293 /* RadarChartSwiftUIUITests.swift */; };
		FAE35B012B94A55700431293 /* RadarChartSwiftUIUITestsLaunchTests.swift in Sources */ = {isa = PBXBuildFile; fileRef = FAE35B002B94A55700431293 /* RadarChartSwiftUIUITestsLaunchTests.swift */; };
		FAE35B0F2B94B16C00431293 /* RadarChart.swift in Sources */ = {isa = PBXBuildFile; fileRef = FAE35B0E2B94B16C00431293 /* RadarChart.swift */; };
/* End PBXBuildFile section */

/* Begin PBXContainerItemProxy section */
		FAE35AF12B94A55700431293 /* PBXContainerItemProxy */ = {
			isa = PBXContainerItemProxy;
			containerPortal = FAE35AD82B94A55500431293 /* Project object */;
			proxyType = 1;
			remoteGlobalIDString = FAE35ADF2B94A55500431293;
			remoteInfo = RadarChartSwiftUI;
		};
		FAE35AFB2B94A55700431293 /* PBXContainerItemProxy */ = {
			isa = PBXContainerItemProxy;
			containerPortal = FAE35AD82B94A55500431293 /* Project object */;
			proxyType = 1;
			remoteGlobalIDString = FAE35ADF2B94A55500431293;
			remoteInfo = RadarChartSwiftUI;
		};
/* End PBXContainerItemProxy section */

/* Begin PBXFileReference section */
		FAE35AE02B94A55500431293 /* RadarChartSwiftUI.app */ = {isa = PBXFileReference; explicitFileType = wrapper.application; includeInIndex = 0; path = RadarChartSwiftUI.app; sourceTree = BUILT_PRODUCTS_DIR; };
		FAE35AE32B94A55500431293 /* RadarChartSwiftUIApp.swift */ = {isa = PBXFileReference; lastKnownFileType = sourcecode.swift; path = RadarChartSwiftUIApp.swift; sourceTree = "<group>"; };
		FAE35AE52B94A55500431293 /* ContentView.swift */ = {isa = PBXFileReference; lastKnownFileType = sourcecode.swift; path = ContentView.swift; sourceTree = "<group>"; };
		FAE35AE72B94A55700431293 /* Assets.xcassets */ = {isa = PBXFileReference; lastKnownFileType = folder.assetcatalog; path = Assets.xcassets; sourceTree = "<group>"; };
		FAE35AEA2B94A55700431293 /* Preview Assets.xcassets */ = {isa = PBXFileReference; lastKnownFileType = folder.assetcatalog; path = "Preview Assets.xcassets"; sourceTree = "<group>"; };
		FAE35AF02B94A55700431293 /* RadarChartSwiftUITests.xctest */ = {isa = PBXFileReference; explicitFileType = wrapper.cfbundle; includeInIndex = 0; path = RadarChartSwiftUITests.xctest; sourceTree = BUILT_PRODUCTS_DIR; };
		FAE35AF42B94A55700431293 /* RadarChartSwiftUITests.swift */ = {isa = PBXFileReference; lastKnownFileType = sourcecode.swift; path = RadarChartSwiftUITests.swift; sourceTree = "<group>"; };
		FAE35AFA2B94A55700431293 /* RadarChartSwiftUIUITests.xctest */ = {isa = PBXFileReference; explicitFileType = wrapper.cfbundle; includeInIndex = 0; path = RadarChartSwiftUIUITests.xctest; sourceTree = BUILT_PRODUCTS_DIR; };
		FAE35AFE2B94A55700431293 /* RadarChartSwiftUIUITests.swift */ = {isa = PBXFileReference; lastKnownFileType = sourcecode.swift; path = RadarChartSwiftUIUITests.swift; sourceTree = "<group>"; };
		FAE35B002B94A55700431293 /* RadarChartSwiftUIUITestsLaunchTests.swift */ = {isa = PBXFileReference; lastKnownFileType = sourcecode.swift; path = RadarChartSwiftUIUITestsLaunchTests.swift; sourceTree = "<group>"; };
		FAE35B0E2B94B16C00431293 /* RadarChart.swift */ = {isa = PBXFileReference; lastKnownFileType = sourcecode.swift; path = RadarChart.swift; sourceTree = "<group>"; };
/* End PBXFileReference section */

/* Begin PBXFrameworksBuildPhase section */
		FAE35ADD2B94A55500431293 /* Frameworks */ = {
			isa = PBXFrameworksBuildPhase;
			buildActionMask = 2147483647;
			files = (
			);
			runOnlyForDeploymentPostprocessing = 0;
		};
		FAE35AED2B94A55700431293 /* Frameworks */ = {
			isa = PBXFrameworksBuildPhase;
			buildActionMask = 2147483647;
			files = (
			);
			runOnlyForDeploymentPostprocessing = 0;
		};
		FAE35AF72B94A55700431293 /* Frameworks */ = {
			isa = PBXFrameworksBuildPhase;
			buildActionMask = 2147483647;
			files = (
			);
			runOnlyForDeploymentPostprocessing = 0;
		};
/* End PBXFrameworksBuildPhase section */

/* Begin PBXGroup section */
		FAE35AD72B94A55500431293 = {
			isa = PBXGroup;
			children = (
				FAE35AE22B94A55500431293 /* RadarChartSwiftUI */,
				FAE35AF32B94A55700431293 /* RadarChartSwiftUITests */,
				FAE35AFD2B94A55700431293 /* RadarChartSwiftUIUITests */,
				FAE35AE12B94A55500431293 /* Products */,
			);
			sourceTree = "<group>";
		};
		FAE35AE12B94A55500431293 /* Products */ = {
			isa = PBXGroup;
			children = (
				FAE35AE02B94A55500431293 /* RadarChartSwiftUI.app */,
				FAE35AF02B94A55700431293 /* RadarChartSwiftUITests.xctest */,
				FAE35AFA2B94A55700431293 /* RadarChartSwiftUIUITests.xctest */,
			);
			name = Products;
			sourceTree = "<group>";
		};
		FAE35AE22B94A55500431293 /* RadarChartSwiftUI */ = {
			isa = PBXGroup;
			children = (
				FAE35B0D2B94B13500431293 /* view */,
				FAE35AE32B94A55500431293 /* RadarChartSwiftUIApp.swift */,
				FAE35AE52B94A55500431293 /* ContentView.swift */,
				FAE35AE72B94A55700431293 /* Assets.xcassets */,
				FAE35AE92B94A55700431293 /* Preview Content */,
			);
			path = RadarChartSwiftUI;
			sourceTree = "<group>";
		};
		FAE35AE92B94A55700431293 /* Preview Content */ = {
			isa = PBXGroup;
			children = (
				FAE35AEA2B94A55700431293 /* Preview Assets.xcassets */,
			);
			path = "Preview Content";
			sourceTree = "<group>";
		};
		FAE35AF32B94A55700431293 /* RadarChartSwiftUITests */ = {
			isa = PBXGroup;
			children = (
				FAE35AF42B94A55700431293 /* RadarChartSwiftUITests.swift */,
			);
			path = RadarChartSwiftUITests;
			sourceTree = "<group>";
		};
		FAE35AFD2B94A55700431293 /* RadarChartSwiftUIUITests */ = {
			isa = PBXGroup;
			children = (
				FAE35AFE2B94A55700431293 /* RadarChartSwiftUIUITests.swift */,
				FAE35B002B94A55700431293 /* RadarChartSwiftUIUITestsLaunchTests.swift */,
			);
			path = RadarChartSwiftUIUITests;
			sourceTree = "<group>";
		};
		FAE35B0D2B94B13500431293 /* view */ = {
			isa = PBXGroup;
			children = (
				FAE35B0E2B94B16C00431293 /* RadarChart.swift */,
			);
			path = view;
			sourceTree = "<group>";
		};
/* End PBXGroup section */

/* Begin PBXNativeTarget section */
		FAE35ADF2B94A55500431293 /* RadarChartSwiftUI */ = {
			isa = PBXNativeTarget;
			buildConfigurationList = FAE35B042B94A55700431293 /* Build configuration list for PBXNativeTarget "RadarChartSwiftUI" */;
			buildPhases = (
				FAE35ADC2B94A55500431293 /* Sources */,
				FAE35ADD2B94A55500431293 /* Frameworks */,
				FAE35ADE2B94A55500431293 /* Resources */,
			);
			buildRules = (
			);
			dependencies = (
			);
			name = RadarChartSwiftUI;
			productName = RadarChartSwiftUI;
			productReference = FAE35AE02B94A55500431293 /* RadarChartSwiftUI.app */;
			productType = "com.apple.product-type.application";
		};
		FAE35AEF2B94A55700431293 /* RadarChartSwiftUITests */ = {
			isa = PBXNativeTarget;
			buildConfigurationList = FAE35B072B94A55700431293 /* Build configuration list for PBXNativeTarget "RadarChartSwiftUITests" */;
			buildPhases = (
				FAE35AEC2B94A55700431293 /* Sources */,
				FAE35AED2B94A55700431293 /* Frameworks */,
				FAE35AEE2B94A55700431293 /* Resources */,
			);
			buildRules = (
			);
			dependencies = (
				FAE35AF22B94A55700431293 /* PBXTargetDependency */,
			);
			name = RadarChartSwiftUITests;
			productName = RadarChartSwiftUITests;
			productReference = FAE35AF02B94A55700431293 /* RadarChartSwiftUITests.xctest */;
			productType = "com.apple.product-type.bundle.unit-test";
		};
		FAE35AF92B94A55700431293 /* RadarChartSwiftUIUITests */ = {
			isa = PBXNativeTarget;
			buildConfigurationList = FAE35B0A2B94A55700431293 /* Build configuration list for PBXNativeTarget "RadarChartSwiftUIUITests" */;
			buildPhases = (
				FAE35AF62B94A55700431293 /* Sources */,
				FAE35AF72B94A55700431293 /* Frameworks */,
				FAE35AF82B94A55700431293 /* Resources */,
			);
			buildRules = (
			);
			dependencies = (
				FAE35AFC2B94A55700431293 /* PBXTargetDependency */,
			);
			name = RadarChartSwiftUIUITests;
			productName = RadarChartSwiftUIUITests;
			productReference = FAE35AFA2B94A55700431293 /* RadarChartSwiftUIUITests.xctest */;
			productType = "com.apple.product-type.bundle.ui-testing";
		};
/* End PBXNativeTarget section */

/* Begin PBXProject section */
		FAE35AD82B94A55500431293 /* Project object */ = {
			isa = PBXProject;
			attributes = {
				BuildIndependentTargetsInParallel = 1;
				LastSwiftUpdateCheck = 1520;
				LastUpgradeCheck = 1520;
				TargetAttributes = {
					FAE35ADF2B94A55500431293 = {
						CreatedOnToolsVersion = 15.2;
					};
					FAE35AEF2B94A55700431293 = {
						CreatedOnToolsVersion = 15.2;
						TestTargetID = FAE35ADF2B94A55500431293;
					};
					FAE35AF92B94A55700431293 = {
						CreatedOnToolsVersion = 15.2;
						TestTargetID = FAE35ADF2B94A55500431293;
					};
				};
			};
			buildConfigurationList = FAE35ADB2B94A55500431293 /* Build configuration list for PBXProject "RadarChartSwiftUI" */;
			compatibilityVersion = "Xcode 14.0";
			developmentRegion = en;
			hasScannedForEncodings = 0;
			knownRegions = (
				en,
				Base,
			);
			mainGroup = FAE35AD72B94A55500431293;
			productRefGroup = FAE35AE12B94A55500431293 /* Products */;
			projectDirPath = "";
			projectRoot = "";
			targets = (
				FAE35ADF2B94A55500431293 /* RadarChartSwiftUI */,
				FAE35AEF2B94A55700431293 /* RadarChartSwiftUITests */,
				FAE35AF92B94A55700431293 /* RadarChartSwiftUIUITests */,
			);
		};
/* End PBXProject section */

/* Begin PBXResourcesBuildPhase section */
		FAE35ADE2B94A55500431293 /* Resources */ = {
			isa = PBXResourcesBuildPhase;
			buildActionMask = 2147483647;
			files = (
				FAE35AEB2B94A55700431293 /* Preview Assets.xcassets in Resources */,
				FAE35AE82B94A55700431293 /* Assets.xcassets in Resources */,
			);
			runOnlyForDeploymentPostprocessing = 0;
		};
		FAE35AEE2B94A55700431293 /* Resources */ = {
			isa = PBXResourcesBuildPhase;
			buildActionMask = 2147483647;
			files = (
			);
			runOnlyForDeploymentPostprocessing = 0;
		};
		FAE35AF82B94A55700431293 /* Resources */ = {
			isa = PBXResourcesBuildPhase;
			buildActionMask = 2147483647;
			files = (
			);
			runOnlyForDeploymentPostprocessing = 0;
		};
/* End PBXResourcesBuildPhase section */

/* Begin PBXSourcesBuildPhase section */
		FAE35ADC2B94A55500431293 /* Sources */ = {
			isa = PBXSourcesBuildPhase;
			buildActionMask = 2147483647;
			files = (
				FAE35AE62B94A55500431293 /* ContentView.swift in Sources */,
				FAE35AE42B94A55500431293 /* RadarChartSwiftUIApp.swift in Sources */,
				FAE35B0F2B94B16C00431293 /* RadarChart.swift in Sources */,
			);
			runOnlyForDeploymentPostprocessing = 0;
		};
		FAE35AEC2B94A55700431293 /* Sources */ = {
			isa = PBXSourcesBuildPhase;
			buildActionMask = 2147483647;
			files = (
				FAE35AF52B94A55700431293 /* RadarChartSwiftUITests.swift in Sources */,
			);
			runOnlyForDeploymentPostprocessing = 0;
		};
		FAE35AF62B94A55700431293 /* Sources */ = {
			isa = PBXSourcesBuildPhase;
			buildActionMask = 2147483647;
			files = (
				FAE35B012B94A55700431293 /* RadarChartSwiftUIUITestsLaunchTests.swift in Sources */,
				FAE35AFF2B94A55700431293 /* RadarChartSwiftUIUITests.swift in Sources */,
			);
			runOnlyForDeploymentPostprocessing = 0;
		};
/* End PBXSourcesBuildPhase section */

/* Begin PBXTargetDependency section */
		FAE35AF22B94A55700431293 /* PBXTargetDependency */ = {
			isa = PBXTargetDependency;
			target = FAE35ADF2B94A55500431293 /* RadarChartSwiftUI */;
			targetProxy = FAE35AF12B94A55700431293 /* PBXContainerItemProxy */;
		};
		FAE35AFC2B94A55700431293 /* PBXTargetDependency */ = {
			isa = PBXTargetDependency;
			target = FAE35ADF2B94A55500431293 /* RadarChartSwiftUI */;
			targetProxy = FAE35AFB2B94A55700431293 /* PBXContainerItemProxy */;
		};
/* End PBXTargetDependency section */

/* Begin XCBuildConfiguration section */
		FAE35B022B94A55700431293 /* Debug */ = {
			isa = XCBuildConfiguration;
			buildSettings = {
				ALWAYS_SEARCH_USER_PATHS = NO;
				ASSETCATALOG_COMPILER_GENERATE_SWIFT_ASSET_SYMBOL_EXTENSIONS = YES;
				CLANG_ANALYZER_NONNULL = YES;
				CLANG_ANALYZER_NUMBER_OBJECT_CONVERSION = YES_AGGRESSIVE;
				CLANG_CXX_LANGUAGE_STANDARD = "gnu++20";
				CLANG_ENABLE_MODULES = YES;
				CLANG_ENABLE_OBJC_ARC = YES;
				CLANG_ENABLE_OBJC_WEAK = YES;
				CLANG_WARN_BLOCK_CAPTURE_AUTORELEASING = YES;
				CLANG_WARN_BOOL_CONVERSION = YES;
				CLANG_WARN_COMMA = YES;
				CLANG_WARN_CONSTANT_CONVERSION = YES;
				CLANG_WARN_DEPRECATED_OBJC_IMPLEMENTATIONS = YES;
				CLANG_WARN_DIRECT_OBJC_ISA_USAGE = YES_ERROR;
				CLANG_WARN_DOCUMENTATION_COMMENTS = YES;
				CLANG_WARN_EMPTY_BODY = YES;
				CLANG_WARN_ENUM_CONVERSION = YES;
				CLANG_WARN_INFINITE_RECURSION = YES;
				CLANG_WARN_INT_CONVERSION = YES;
				CLANG_WARN_NON_LITERAL_NULL_CONVERSION = YES;
				CLANG_WARN_OBJC_IMPLICIT_RETAIN_SELF = YES;
				CLANG_WARN_OBJC_LITERAL_CONVERSION = YES;
				CLANG_WARN_OBJC_ROOT_CLASS = YES_ERROR;
				CLANG_WARN_QUOTED_INCLUDE_IN_FRAMEWORK_HEADER = YES;
				CLANG_WARN_RANGE_LOOP_ANALYSIS = YES;
				CLANG_WARN_STRICT_PROTOTYPES = YES;
				CLANG_WARN_SUSPICIOUS_MOVE = YES;
				CLANG_WARN_UNGUARDED_AVAILABILITY = YES_AGGRESSIVE;
				CLANG_WARN_UNREACHABLE_CODE = YES;
				CLANG_WARN__DUPLICATE_METHOD_MATCH = YES;
				COPY_PHASE_STRIP = NO;
				DEBUG_INFORMATION_FORMAT = dwarf;
				ENABLE_STRICT_OBJC_MSGSEND = YES;
				ENABLE_TESTABILITY = YES;
				ENABLE_USER_SCRIPT_SANDBOXING = YES;
				GCC_C_LANGUAGE_STANDARD = gnu17;
				GCC_DYNAMIC_NO_PIC = NO;
				GCC_NO_COMMON_BLOCKS = YES;
				GCC_OPTIMIZATION_LEVEL = 0;
				GCC_PREPROCESSOR_DEFINITIONS = (
					"DEBUG=1",
					"$(inherited)",
				);
				GCC_WARN_64_TO_32_BIT_CONVERSION = YES;
				GCC_WARN_ABOUT_RETURN_TYPE = YES_ERROR;
				GCC_WARN_UNDECLARED_SELECTOR = YES;
				GCC_WARN_UNINITIALIZED_AUTOS = YES_AGGRESSIVE;
				GCC_WARN_UNUSED_FUNCTION = YES;
				GCC_WARN_UNUSED_VARIABLE = YES;
				IPHONEOS_DEPLOYMENT_TARGET = 17.2;
				LOCALIZATION_PREFERS_STRING_CATALOGS = YES;
				MTL_ENABLE_DEBUG_INFO = INCLUDE_SOURCE;
				MTL_FAST_MATH = YES;
				ONLY_ACTIVE_ARCH = YES;
				SDKROOT = iphoneos;
				SWIFT_ACTIVE_COMPILATION_CONDITIONS = "DEBUG $(inherited)";
				SWIFT_OPTIMIZATION_LEVEL = "-Onone";
			};
			name = Debug;
		};
		FAE35B032B94A55700431293 /* Release */ = {
			isa = XCBuildConfiguration;
			buildSettings = {
				ALWAYS_SEARCH_USER_PATHS = NO;
				ASSETCATALOG_COMPILER_GENERATE_SWIFT_ASSET_SYMBOL_EXTENSIONS = YES;
				CLANG_ANALYZER_NONNULL = YES;
				CLANG_ANALYZER_NUMBER_OBJECT_CONVERSION = YES_AGGRESSIVE;
				CLANG_CXX_LANGUAGE_STANDARD = "gnu++20";
				CLANG_ENABLE_MODULES = YES;
				CLANG_ENABLE_OBJC_ARC = YES;
				CLANG_ENABLE_OBJC_WEAK = YES;
				CLANG_WARN_BLOCK_CAPTURE_AUTORELEASING = YES;
				CLANG_WARN_BOOL_CONVERSION = YES;
				CLANG_WARN_COMMA = YES;
				CLANG_WARN_CONSTANT_CONVERSION = YES;
				CLANG_WARN_DEPRECATED_OBJC_IMPLEMENTATIONS = YES;
				CLANG_WARN_DIRECT_OBJC_ISA_USAGE = YES_ERROR;
				CLANG_WARN_DOCUMENTATION_COMMENTS = YES;
				CLANG_WARN_EMPTY_BODY = YES;
				CLANG_WARN_ENUM_CONVERSION = YES;
				CLANG_WARN_INFINITE_RECURSION = YES;
				CLANG_WARN_INT_CONVERSION = YES;
				CLANG_WARN_NON_LITERAL_NULL_CONVERSION = YES;
				CLANG_WARN_OBJC_IMPLICIT_RETAIN_SELF = YES;
				CLANG_WARN_OBJC_LITERAL_CONVERSION = YES;
				CLANG_WARN_OBJC_ROOT_CLASS = YES_ERROR;
				CLANG_WARN_QUOTED_INCLUDE_IN_FRAMEWORK_HEADER = YES;
				CLANG_WARN_RANGE_LOOP_ANALYSIS = YES;
				CLANG_WARN_STRICT_PROTOTYPES = YES;
				CLANG_WARN_SUSPICIOUS_MOVE = YES;
				CLANG_WARN_UNGUARDED_AVAILABILITY = YES_AGGRESSIVE;
				CLANG_WARN_UNREACHABLE_CODE = YES;
				CLANG_WARN__DUPLICATE_METHOD_MATCH = YES;
				COPY_PHASE_STRIP = NO;
				DEBUG_INFORMATION_FORMAT = "dwarf-with-dsym";
				ENABLE_NS_ASSERTIONS = NO;
				ENABLE_STRICT_OBJC_MSGSEND = YES;
				ENABLE_USER_SCRIPT_SANDBOXING = YES;
				GCC_C_LANGUAGE_STANDARD = gnu17;
				GCC_NO_COMMON_BLOCKS = YES;
				GCC_WARN_64_TO_32_BIT_CONVERSION = YES;
				GCC_WARN_ABOUT_RETURN_TYPE = YES_ERROR;
				GCC_WARN_UNDECLARED_SELECTOR = YES;
				GCC_WARN_UNINITIALIZED_AUTOS = YES_AGGRESSIVE;
				GCC_WARN_UNUSED_FUNCTION = YES;
				GCC_WARN_UNUSED_VARIABLE = YES;
				IPHONEOS_DEPLOYMENT_TARGET = 17.2;
				LOCALIZATION_PREFERS_STRING_CATALOGS = YES;
				MTL_ENABLE_DEBUG_INFO = NO;
				MTL_FAST_MATH = YES;
				SDKROOT = iphoneos;
				SWIFT_COMPILATION_MODE = wholemodule;
				VALIDATE_PRODUCT = YES;
			};
			name = Release;
		};
		FAE35B052B94A55700431293 /* Debug */ = {
			isa = XCBuildConfiguration;
			buildSettings = {
				ASSETCATALOG_COMPILER_APPICON_NAME = AppIcon;
				ASSETCATALOG_COMPILER_GLOBAL_ACCENT_COLOR_NAME = AccentColor;
				CODE_SIGN_STYLE = Automatic;
				CURRENT_PROJECT_VERSION = 1;
				DEVELOPMENT_ASSET_PATHS = "\"RadarChartSwiftUI/Preview Content\"";
				DEVELOPMENT_TEAM = 56ZBSRTSDR;
				ENABLE_PREVIEWS = YES;
				GENERATE_INFOPLIST_FILE = YES;
				INFOPLIST_KEY_UIApplicationSceneManifest_Generation = YES;
				INFOPLIST_KEY_UIApplicationSupportsIndirectInputEvents = YES;
				INFOPLIST_KEY_UILaunchScreen_Generation = YES;
				INFOPLIST_KEY_UISupportedInterfaceOrientations_iPad = "UIInterfaceOrientationPortrait UIInterfaceOrientationPortraitUpsideDown UIInterfaceOrientationLandscapeLeft UIInterfaceOrientationLandscapeRight";
				INFOPLIST_KEY_UISupportedInterfaceOrientations_iPhone = "UIInterfaceOrientationPortrait UIInterfaceOrientationLandscapeLeft UIInterfaceOrientationLandscapeRight";
				LD_RUNPATH_SEARCH_PATHS = (
					"$(inherited)",
					"@executable_path/Frameworks",
				);
				MARKETING_VERSION = 1.0;
				PRODUCT_BUNDLE_IDENTIFIER = com.theappwizard.RadarChartSwiftUI;
				PRODUCT_NAME = "$(TARGET_NAME)";
				SWIFT_EMIT_LOC_STRINGS = YES;
				SWIFT_VERSION = 5.0;
				TARGETED_DEVICE_FAMILY = "1,2";
			};
			name = Debug;
		};
		FAE35B062B94A55700431293 /* Release */ = {
			isa = XCBuildConfiguration;
			buildSettings = {
				ASSETCATALOG_COMPILER_APPICON_NAME = AppIcon;
				ASSETCATALOG_COMPILER_GLOBAL_ACCENT_COLOR_NAME = AccentColor;
				CODE_SIGN_STYLE = Automatic;
				CURRENT_PROJECT_VERSION = 1;
				DEVELOPMENT_ASSET_PATHS = "\"RadarChartSwiftUI/Preview Content\"";
				DEVELOPMENT_TEAM = 56ZBSRTSDR;
				ENABLE_PREVIEWS = YES;
				GENERATE_INFOPLIST_FILE = YES;
				INFOPLIST_KEY_UIApplicationSceneManifest_Generation = YES;
				INFOPLIST_KEY_UIApplicationSupportsIndirectInputEvents = YES;
				INFOPLIST_KEY_UILaunchScreen_Generation = YES;
				INFOPLIST_KEY_UISupportedInterfaceOrientations_iPad = "UIInterfaceOrientationPortrait UIInterfaceOrientationPortraitUpsideDown UIInterfaceOrientationLandscapeLeft UIInterfaceOrientationLandscapeRight";
				INFOPLIST_KEY_UISupportedInterfaceOrientations_iPhone = "UIInterfaceOrientationPortrait UIInterfaceOrientationLandscapeLeft UIInterfaceOrientationLandscapeRight";
				LD_RUNPATH_SEARCH_PATHS = (
					"$(inherited)",
					"@executable_path/Frameworks",
				);
				MARKETING_VERSION = 1.0;
				PRODUCT_BUNDLE_IDENTIFIER = com.theappwizard.RadarChartSwiftUI;
				PRODUCT_NAME = "$(TARGET_NAME)";
				SWIFT_EMIT_LOC_STRINGS = YES;
				SWIFT_VERSION = 5.0;
				TARGETED_DEVICE_FAMILY = "1,2";
			};
			name = Release;
		};
		FAE35B082B94A55700431293 /* Debug */ = {
			isa = XCBuildConfiguration;
			buildSettings = {
				ALWAYS_EMBED_SWIFT_STANDARD_LIBRARIES = YES;
				BUNDLE_LOADER = "$(TEST_HOST)";
				CODE_SIGN_STYLE = Automatic;
				CURRENT_PROJECT_VERSION = 1;
				DEVELOPMENT_TEAM = 56ZBSRTSDR;
				GENERATE_INFOPLIST_FILE = YES;
				IPHONEOS_DEPLOYMENT_TARGET = 17.2;
				MARKETING_VERSION = 1.0;
				PRODUCT_BUNDLE_IDENTIFIER = com.theappwizard.RadarChartSwiftUITests;
				PRODUCT_NAME = "$(TARGET_NAME)";
				SWIFT_EMIT_LOC_STRINGS = NO;
				SWIFT_VERSION = 5.0;
				TARGETED_DEVICE_FAMILY = "1,2";
				TEST_HOST = "$(BUILT_PRODUCTS_DIR)/RadarChartSwiftUI.app/$(BUNDLE_EXECUTABLE_FOLDER_PATH)/RadarChartSwiftUI";
			};
			name = Debug;
		};
		FAE35B092B94A55700431293 /* Release */ = {
			isa = XCBuildConfiguration;
			buildSettings = {
				ALWAYS_EMBED_SWIFT_STANDARD_LIBRARIES = YES;
				BUNDLE_LOADER = "$(TEST_HOST)";
				CODE_SIGN_STYLE = Automatic;
				CURRENT_PROJECT_VERSION = 1;
				DEVELOPMENT_TEAM = 56ZBSRTSDR;
				GENERATE_INFOPLIST_FILE = YES;
				IPHONEOS_DEPLOYMENT_TARGET = 17.2;
				MARKETING_VERSION = 1.0;
				PRODUCT_BUNDLE_IDENTIFIER = com.theappwizard.RadarChartSwiftUITests;
				PRODUCT_NAME = "$(TARGET_NAME)";
				SWIFT_EMIT_LOC_STRINGS = NO;
				SWIFT_VERSION = 5.0;
				TARGETED_DEVICE_FAMILY = "1,2";
				TEST_HOST = "$(BUILT_PRODUCTS_DIR)/RadarChartSwiftUI.app/$(BUNDLE_EXECUTABLE_FOLDER_PATH)/RadarChartSwiftUI";
			};
			name = Release;
		};
		FAE35B0B2B94A55700431293 /* Debug */ = {
			isa = XCBuildConfiguration;
			buildSettings = {
				ALWAYS_EMBED_SWIFT_STANDARD_LIBRARIES = YES;
				CODE_SIGN_STYLE = Automatic;
				CURRENT_PROJECT_VERSION = 1;
				DEVELOPMENT_TEAM = 56ZBSRTSDR;
				GENERATE_INFOPLIST_FILE = YES;
				MARKETING_VERSION = 1.0;
				PRODUCT_BUNDLE_IDENTIFIER = com.theappwizard.RadarChartSwiftUIUITests;
				PRODUCT_NAME = "$(TARGET_NAME)";
				SWIFT_EMIT_LOC_STRINGS = NO;
				SWIFT_VERSION = 5.0;
				TARGETED_DEVICE_FAMILY = "1,2";
				TEST_TARGET_NAME = RadarChartSwiftUI;
			};
			name = Debug;
		};
		FAE35B0C2B94A55700431293 /* Release */ = {
			isa = XCBuildConfiguration;
			buildSettings = {
				ALWAYS_EMBED_SWIFT_STANDARD_LIBRARIES = YES;
				CODE_SIGN_STYLE = Automatic;
				CURRENT_PROJECT_VERSION = 1;
				DEVELOPMENT_TEAM = 56ZBSRTSDR;
				GENERATE_INFOPLIST_FILE = YES;
				MARKETING_VERSION = 1.0;
				PRODUCT_BUNDLE_IDENTIFIER = com.theappwizard.RadarChartSwiftUIUITests;
				PRODUCT_NAME = "$(TARGET_NAME)";
				SWIFT_EMIT_LOC_STRINGS = NO;
				SWIFT_VERSION = 5.0;
				TARGETED_DEVICE_FAMILY = "1,2";
				TEST_TARGET_NAME = RadarChartSwiftUI;
			};
			name = Release;
		};
/* End XCBuildConfiguration section */

/* Begin XCConfigurationList section */
		FAE35ADB2B94A55500431293 /* Build configuration list for PBXProject "RadarChartSwiftUI" */ = {
			isa = XCConfigurationList;
			buildConfigurations = (
				FAE35B022B94A55700431293 /* Debug */,
				FAE35B032B94A55700431293 /* Release */,
			);
			defaultConfigurationIsVisible = 0;
			defaultConfigurationName = Release;
		};
		FAE35B042B94A55700431293 /* Build configuration list for PBXNativeTarget "RadarChartSwiftUI" */ = {
			isa = XCConfigurationList;
			buildConfigurations = (
				FAE35B052B94A55700431293 /* Debug */,
				FAE35B062B94A55700431293 /* Release */,
			);
			defaultConfigurationIsVisible = 0;
			defaultConfigurationName = Release;
		};
		FAE35B072B94A55700431293 /* Build configuration list for PBXNativeTarget "RadarChartSwiftUITests" */ = {
			isa = XCConfigurationList;
			buildConfigurations = (
				FAE35B082B94A55700431293 /* Debug */,
				FAE35B092B94A55700431293 /* Release */,
			);
			defaultConfigurationIsVisible = 0;
			defaultConfigurationName = Release;
		};
		FAE35B0A2B94A55700431293 /* Build configuration list for PBXNativeTarget "RadarChartSwiftUIUITests" */ = {
			isa = XCConfigurationList;
			buildConfigurations = (
				FAE35B0B2B94A55700431293 /* Debug */,
				FAE35B0C2B94A55700431293 /* Release */,
			);
			defaultConfigurationIsVisible = 0;
			defaultConfigurationName = Release;
		};
/* End XCConfigurationList section */
	};
	rootObject = FAE35AD82B94A55500431293 /* Project object */;
}
